
Microsoft Visual Studio Solution File, Format Version 12.00
# Visual Studio Version 16
VisualStudioVersion = 16.0.32228.343
MinimumVisualStudioVersion = 10.0.40219.1
Project("{2150E333-8FDC-42A3-9474-1A3956D46DE8}") = "01-WebUI", "01-WebUI", "{FC37472A-D4E3-4A90-943B-09F181FE1C16}"
EndProject
Project("{2150E333-8FDC-42A3-9474-1A3956D46DE8}") = "02-Domain", "02-Domain", "{B50ACB86-C2B5-4D58-8564-1924F14DAF05}"
EndProject
Project("{2150E333-8FDC-42A3-9474-1A3956D46DE8}") = "03-BLL", "03-BLL", "{F4F42602-2265-486A-8C81-69FD92D150DD}"
EndProject
Project("{2150E333-8FDC-42A3-9474-1A3956D46DE8}") = "04-DAL", "04-DAL", "{CCC04546-8B09-4E5E-9E4F-82CA7180B669}"
EndProject
Project("{FAE04EC0-301F-11D3-BF4B-00C04F79EFBC}") = "AB.DAL", "AB.DAL\AB.DAL.csproj", "{DC195826-6267-4923-AC06-D715763CB981}"
EndProject
Project("{FAE04EC0-301F-11D3-BF4B-00C04F79EFBC}") = "AB.BLL", "AB.BLL\AB.BLL.csproj", "{1226D5D9-22B6-4417-BB85-27786309ACB2}"
EndProject
Project("{FAE04EC0-301F-11D3-BF4B-00C04F79EFBC}") = "AB.DTO", "AB.DTO\AB.DTO.csproj", "{F7A0E6AB-F1A4-4FB8-8B92-E7ADC93B8722}"
EndProject
Project("{FAE04EC0-301F-11D3-BF4B-00C04F79EFBC}") = "AB.WebUI", "AB.WebUI\AB.WebUI.csproj", "{5B789F3E-11DE-4A30-8373-5F3F7FDD0EC3}"
EndProject
Project("{FAE04EC0-301F-11D3-BF4B-00C04F79EFBC}") = "Data.Base", "AB.DAL\Data\Data.Base\Data.Base.csproj", "{B0DA0332-42EF-44DD-B624-F19BDFAC73DA}"
EndProject
Global
	GlobalSection(SolutionConfigurationPlatforms) = preSolution
		Debug|Any CPU = Debug|Any CPU
		Release|Any CPU = Release|Any CPU
	EndGlobalSection
	GlobalSection(ProjectConfigurationPlatforms) = postSolution
		{DC195826-6267-4923-AC06-D715763CB981}.Debug|Any CPU.ActiveCfg = Debug|Any CPU
		{DC195826-6267-4923-AC06-D715763CB981}.Debug|Any CPU.Build.0 = Debug|Any CPU
		{DC195826-6267-4923-AC06-D715763CB981}.Release|Any CPU.ActiveCfg = Release|Any CPU
		{DC195826-6267-4923-AC06-D715763CB981}.Release|Any CPU.Build.0 = Release|Any CPU
		{1226D5D9-22B6-4417-BB85-27786309ACB2}.Debug|Any CPU.ActiveCfg = Debug|Any CPU
		{1226D5D9-22B6-4417-BB85-27786309ACB2}.Debug|Any CPU.Build.0 = Debug|Any CPU
		{1226D5D9-22B6-4417-BB85-27786309ACB2}.Release|Any CPU.ActiveCfg = Release|Any CPU
		{1226D5D9-22B6-4417-BB85-27786309ACB2}.Release|Any CPU.Build.0 = Release|Any CPU
		{F7A0E6AB-F1A4-4FB8-8B92-E7ADC93B8722}.Debug|Any CPU.ActiveCfg = Debug|Any CPU
		{F7A0E6AB-F1A4-4FB8-8B92-E7ADC93B8722}.Debug|Any CPU.Build.0 = Debug|Any CPU
		{F7A0E6AB-F1A4-4FB8-8B92-E7ADC93B8722}.Release|Any CPU.ActiveCfg = Release|Any CPU
		{F7A0E6AB-F1A4-4FB8-8B92-E7ADC93B8722}.Release|Any CPU.Build.0 = Release|Any CPU
		{5B789F3E-11DE-4A30-8373-5F3F7FDD0EC3}.Debug|Any CPU.ActiveCfg = Debug|Any CPU
		{5B789F3E-11DE-4A30-8373-5F3F7FDD0EC3}.Debug|Any CPU.Build.0 = Debug|Any CPU
		{5B789F3E-11DE-4A30-8373-5F3F7FDD0EC3}.Release|Any CPU.ActiveCfg = Release|Any CPU
		{5B789F3E-11DE-4A30-8373-5F3F7FDD0EC3}.Release|Any CPU.Build.0 = Release|Any CPU
		{B0DA0332-42EF-44DD-B624-F19BDFAC73DA}.Debug|Any CPU.ActiveCfg = Debug|Any CPU
		{B0DA0332-42EF-44DD-B624-F19BDFAC73DA}.Debug|Any CPU.Build.0 = Debug|Any CPU
		{B0DA0332-42EF-44DD-B624-F19BDFAC73DA}.Release|Any CPU.ActiveCfg = Release|Any CPU
		{B0DA0332-42EF-44DD-B624-F19BDFAC73DA}.Release|Any CPU.Build.0 = Release|Any CPU
	EndGlobalSection
	GlobalSection(SolutionProperties) = preSolution
		HideSolutionNode = FALSE
	EndGlobalSection
	GlobalSection(NestedProjects) = preSolution
		{DC195826-6267-4923-AC06-D715763CB981} = {CCC04546-8B09-4E5E-9E4F-82CA7180B669}
		{1226D5D9-22B6-4417-BB85-27786309ACB2} = {F4F42602-2265-486A-8C81-69FD92D150DD}
		{F7A0E6AB-F1A4-4FB8-8B92-E7ADC93B8722} = {B50ACB86-C2B5-4D58-8564-1924F14DAF05}
		{5B789F3E-11DE-4A30-8373-5F3F7FDD0EC3} = {FC37472A-D4E3-4A90-943B-09F181FE1C16}
		{B0DA0332-42EF-44DD-B624-F19BDFAC73DA} = {CCC04546-8B09-4E5E-9E4F-82CA7180B669}
	EndGlobalSection
	GlobalSection(ExtensibilityGlobals) = postSolution
		SolutionGuid = {8CA38413-5F19-4146-B76A-C2AEA3483CD5}
	EndGlobalSection
EndGlobal
